{
  "requires": true,
  "lockfileVersion": 1,
  "dependencies": {
    "html5sortable": {
      "version": "0.10.0",
      "resolved": "https://registry.npmjs.org/html5sortable/-/html5sortable-0.10.0.tgz",
      "integrity": "sha512-/F2sUHnSlqXY8Pg1AxLjR5i/ijngpkl2u1x6a6JfwSsoVRZ5b/ZO9MDZopSSzjo7bTZinQbXACTrZI6mpGugMw=="
    }
  }
}
